
Microsoft Visual Studio Solution File, Format Version 12.00
# Visual Studio Version 17
VisualStudioVersion = 17.7.34024.191
MinimumVisualStudioVersion = 10.0.40219.1
Project("{FAE04EC0-301F-11D3-BF4B-00C04F79EFBC}") = "PJP", "PJP.csproj", "{EA0EE482-C7C1-4724-8711-F793530356DF}"
EndProject
Global
	GlobalSection(SolutionConfigurationPlatforms) = preSolution
		Debug|Any CPU = Debug|Any CPU
		Release|Any CPU = Release|Any CPU
	EndGlobalSection
	GlobalSection(ProjectConfigurationPlatforms) = postSolution
		{EA0EE482-C7C1-4724-8711-F793530356DF}.Debug|Any CPU.ActiveCfg = Debug|Any CPU
		{EA0EE482-C7C1-4724-8711-F793530356DF}.Debug|Any CPU.Build.0 = Debug|Any CPU
		{EA0EE482-C7C1-4724-8711-F793530356DF}.Release|Any CPU.ActiveCfg = Release|Any CPU
		{EA0EE482-C7C1-4724-8711-F793530356DF}.Release|Any CPU.Build.0 = Release|Any CPU
	EndGlobalSection
	GlobalSection(SolutionProperties) = preSolution
		HideSolutionNode = FALSE
	EndGlobalSection
	GlobalSection(ExtensibilityGlobals) = postSolution
		SolutionGuid = {1425B02E-C01E-471C-B5B2-5357FFAFBBCC}
	EndGlobalSection
EndGlobal
